
Microsoft Visual Studio Solution File, Format Version 12.00
# Visual Studio Version 17
VisualStudioVersion = 17.8.34322.80
MinimumVisualStudioVersion = 10.0.40219.1
Project("{9A19103F-16F7-4668-BE54-9A1E7A4F7556}") = "CloudDev", "CloudDev\CloudDev.csproj", "{22DEC940-30B9-4EB0-98CD-F3A297160C08}"
EndProject
Project("{9A19103F-16F7-4668-BE54-9A1E7A4F7556}") = "GameServer", "GameServer\GameServer.csproj", "{8A8F1B08-1C48-4DC2-903C-5ACC16A92FDC}"
EndProject
Project("{9A19103F-16F7-4668-BE54-9A1E7A4F7556}") = "DatabaseManager", "DatabaseManager\DatabaseManager.csproj", "{8302EE00-C439-47A3-887B-28185B9FA081}"
EndProject
Project("{FAE04EC0-301F-11D3-BF4B-00C04F79EFBC}") = "WorldsMvcServer", "WorldsMvcServer\WorldsMvcServer.csproj", "{D0645D73-A6D0-4A02-8F97-32C96CD1C7BB}"
EndProject
Global
	GlobalSection(SolutionConfigurationPlatforms) = preSolution
		Debug|Any CPU = Debug|Any CPU
		Release|Any CPU = Release|Any CPU
	EndGlobalSection
	GlobalSection(ProjectConfigurationPlatforms) = postSolution
		{22DEC940-30B9-4EB0-98CD-F3A297160C08}.Debug|Any CPU.ActiveCfg = Debug|Any CPU
		{22DEC940-30B9-4EB0-98CD-F3A297160C08}.Debug|Any CPU.Build.0 = Debug|Any CPU
		{22DEC940-30B9-4EB0-98CD-F3A297160C08}.Release|Any CPU.ActiveCfg = Release|Any CPU
		{22DEC940-30B9-4EB0-98CD-F3A297160C08}.Release|Any CPU.Build.0 = Release|Any CPU
		{8A8F1B08-1C48-4DC2-903C-5ACC16A92FDC}.Debug|Any CPU.ActiveCfg = Debug|Any CPU
		{8A8F1B08-1C48-4DC2-903C-5ACC16A92FDC}.Debug|Any CPU.Build.0 = Debug|Any CPU
		{8A8F1B08-1C48-4DC2-903C-5ACC16A92FDC}.Release|Any CPU.ActiveCfg = Release|Any CPU
		{8A8F1B08-1C48-4DC2-903C-5ACC16A92FDC}.Release|Any CPU.Build.0 = Release|Any CPU
		{8302EE00-C439-47A3-887B-28185B9FA081}.Debug|Any CPU.ActiveCfg = Debug|Any CPU
		{8302EE00-C439-47A3-887B-28185B9FA081}.Debug|Any CPU.Build.0 = Debug|Any CPU
		{8302EE00-C439-47A3-887B-28185B9FA081}.Release|Any CPU.ActiveCfg = Release|Any CPU
		{8302EE00-C439-47A3-887B-28185B9FA081}.Release|Any CPU.Build.0 = Release|Any CPU
		{D0645D73-A6D0-4A02-8F97-32C96CD1C7BB}.Debug|Any CPU.ActiveCfg = Debug|Any CPU
		{D0645D73-A6D0-4A02-8F97-32C96CD1C7BB}.Debug|Any CPU.Build.0 = Debug|Any CPU
		{D0645D73-A6D0-4A02-8F97-32C96CD1C7BB}.Release|Any CPU.ActiveCfg = Release|Any CPU
		{D0645D73-A6D0-4A02-8F97-32C96CD1C7BB}.Release|Any CPU.Build.0 = Release|Any CPU
	EndGlobalSection
	GlobalSection(SolutionProperties) = preSolution
		HideSolutionNode = FALSE
	EndGlobalSection
	GlobalSection(ExtensibilityGlobals) = postSolution
		SolutionGuid = {79D8A344-234B-4C9A-AAF5-154BD7D20CF4}
	EndGlobalSection
EndGlobal
